
Microsoft Visual Studio Solution File, Format Version 12.00
# Visual Studio Version 16
VisualStudioVersion = 25.0.1706.0
MinimumVisualStudioVersion = 10.0.40219.1
Project("{FAE04EC0-301F-11D3-BF4B-00C04F79EFBC}") = "FusionAuthTemplates", "FusionAuthTemplates.csproj", "{6F6BEF03-5948-4EC0-93BF-55AD53F4FB67}"
EndProject
Global
	GlobalSection(SolutionConfigurationPlatforms) = preSolution
		Debug|Any CPU = Debug|Any CPU
		Release|Any CPU = Release|Any CPU
	EndGlobalSection
	GlobalSection(ProjectConfigurationPlatforms) = postSolution
		{6F6BEF03-5948-4EC0-93BF-55AD53F4FB67}.Debug|Any CPU.ActiveCfg = Debug|Any CPU
		{6F6BEF03-5948-4EC0-93BF-55AD53F4FB67}.Debug|Any CPU.Build.0 = Debug|Any CPU
		{6F6BEF03-5948-4EC0-93BF-55AD53F4FB67}.Release|Any CPU.ActiveCfg = Release|Any CPU
		{6F6BEF03-5948-4EC0-93BF-55AD53F4FB67}.Release|Any CPU.Build.0 = Release|Any CPU
	EndGlobalSection
	GlobalSection(SolutionProperties) = preSolution
		HideSolutionNode = FALSE
	EndGlobalSection
	GlobalSection(ExtensibilityGlobals) = postSolution
		SolutionGuid = {D8B85361-B853-46A7-85B2-1D5EB4A17532}
	EndGlobalSection
EndGlobal
